# THIS IS AN AUTOGENERATED FILE. DO NOT EDIT THIS FILE DIRECTLY.
# yarn lockfile v1


bs-platform@bsansouci/bsb-native:
  version "2.1.1"
  resolved "https://codeload.github.com/bsansouci/bsb-native/tar.gz/72ff4d7f7015658ccf13a51e03510d2ad557b2ae"

rex-json@bsansouci/rex-json:
  version "1.0.1"
  resolved "https://codeload.github.com/bsansouci/rex-json/tar.gz/d0c52b2d07ebbb69d1c1734448cfca13a66a1c3d"
